name: besca_dev
channels:
  - bioconda
  - conda-forge
  - defaults
dependencies:
  - _libgcc_mutex=0.1=conda_forge
  - _openmp_mutex=4.5=2_kmp_llvm
  - absl-py=1.2.0=pyhd8ed1ab_0
  - aiohttp=3.8.1=py38h0a891b7_1
  - aiosignal=1.2.0=pyhd8ed1ab_0
  - alabaster=0.7.12=py_0
  - alsa-lib=1.2.3.2=h166bdaf_0
  - aniso8601=9.0.1=pyhd8ed1ab_0
  - anndata=0.8.0=pyhd8ed1ab_1
  - appdirs=1.4.4=pyh9f0ad1d_0
  - arpack=3.7.0=hdefa2d7_2
  - asttokens=2.0.8=pyhd8ed1ab_0
  - async-timeout=4.0.2=pyhd8ed1ab_0
  - atk-1.0=2.36.0=h3371d22_4
  - attrs=22.1.0=pyh71513ae_1
  - babel=2.10.3=pyhd8ed1ab_0
  - backcall=0.2.0=pyh9f0ad1d_0
  - backports=1.0=py_2
  - backports.functools_lru_cache=1.6.4=pyhd8ed1ab_0
  - biothings_client=0.2.6=pyhd8ed1ab_0
  - blinker=1.4=py_1
  - brotli=1.0.9=h166bdaf_7
  - brotli-bin=1.0.9=h166bdaf_7
  - brotlipy=0.7.0=py38h0a891b7_1004
  - bzip2=1.0.8=h7f98852_4
  - c-ares=1.18.1=h7f98852_0
  - ca-certificates=2022.6.15=ha878542_0
  - cached-property=1.5.2=hd8ed1ab_1
  - cached_property=1.5.2=pyha770c72_1
  - cachetools=4.2.4=pyhd8ed1ab_0
  - cairo=1.16.0=ha12eb4b_1010
  - cattrs=22.1.0=pyhd8ed1ab_1
  - certifi=2022.6.15=py38h578d9bd_0
  - cffi=1.15.1=py38h4a40e3a_0
  - charset-normalizer=2.1.1=pyhd8ed1ab_0
  - chex=0.1.4=pyhd8ed1ab_0
  - click=8.1.3=py38h578d9bd_0
  - colorama=0.4.5=pyhd8ed1ab_0
  - commonmark=0.9.1=py_0
  - cryptography=37.0.1=py38h9ce1e76_0
  - cycler=0.11.0=pyhd8ed1ab_0
  - dataclasses=0.8=pyhc8e2a94_3
  - dbus=1.13.6=h5008d03_3
  - debugpy=1.6.3=py38hfa26641_0
  - decorator=5.1.1=pyhd8ed1ab_0
  - deprecation=2.1.0=pyh9f0ad1d_0
  - dm-tree=0.1.7=py38h47df419_0
  - docrep=0.3.2=pyh44b312d_0
  - docutils=0.19=py38h578d9bd_0
  - dominate=2.7.0=pyhd8ed1ab_0
  - entrypoints=0.4=pyhd8ed1ab_0
  - et_xmlfile=1.0.1=py_1001
  - etils=0.7.1=pyhd8ed1ab_0
  - exceptiongroup=1.0.0rc8=pyhd8ed1ab_0
  - executing=0.10.0=pyhd8ed1ab_0
  - expat=2.4.8=h27087fc_0
  - fbpca=1.0=py_0
  - flask=2.2.2=pyhd8ed1ab_0
  - flask-restful=0.3.9=pyhd8ed1ab_0
  - flax=0.5.0=pyhd8ed1ab_0
  - font-ttf-dejavu-sans-mono=2.37=hab24e00_0
  - font-ttf-inconsolata=3.000=h77eed37_0
  - font-ttf-source-code-pro=2.038=h77eed37_0
  - font-ttf-ubuntu=0.83=hab24e00_0
  - fontconfig=2.14.0=h8e229c2_0
  - fonts-conda-ecosystem=1=0
  - fonts-conda-forge=1=0
  - fonttools=4.37.1=py38h0a891b7_0
  - freetype=2.12.1=hca18f0e_0
  - fribidi=1.0.10=h36c2ea0_0
  - frozendict=2.3.4=py38h0a891b7_0
  - frozenlist=1.3.1=py38h0a891b7_0
  - fsspec=2022.7.1=pyhd8ed1ab_0
  - future=0.18.2=py38h578d9bd_5
  - gdk-pixbuf=2.42.8=hff1cb4f_0
  - geosketch=1.2=py_0
  - gettext=0.19.8.1=h73d1719_1008
  - giflib=5.2.1=h36c2ea0_2
  - glib=2.72.1=h6239696_0
  - glib-tools=2.72.1=h6239696_0
  - glpk=4.65=h9202a9a_1004
  - gmp=6.2.1=h58526e2_0
  - google-auth=1.35.0=pyh6c4a22f_0
  - google-auth-oauthlib=0.4.6=pyhd8ed1ab_0
  - graphite2=1.3.13=h58526e2_1001
  - graphviz=3.0.0=h5abf519_1
  - grpc-cpp=1.46.4=hc2bec63_2
  - grpcio=1.46.4=py38hf8115fd_2
  - gst-plugins-base=1.20.2=hcf0ee16_0
  - gstreamer=1.20.3=hd4edc92_0
  - gtk2=2.24.33=h90689f9_2
  - gts=0.7.6=h64030ff_2
  - h5py=3.7.0=nompi_py38h045baee_101
  - harfbuzz=4.2.0=h40b6f09_0
  - hdf5=1.12.2=nompi_h4df4325_100
  - icu=69.1=h9c3ff4c_0
  - idna=3.3=pyhd8ed1ab_0
  - igraph=0.9.7=hf5496dd_0
  - imagesize=1.4.1=pyhd8ed1ab_0
  - importlib-metadata=4.11.4=py38h578d9bd_0
  - importlib_metadata=4.11.4=hd8ed1ab_0
  - importlib_resources=5.9.0=pyhd8ed1ab_0
  - iniconfig=1.1.1=pyh9f0ad1d_0
  - ipykernel=6.15.1=pyh210e3f2_0
  - ipython=8.4.0=pyh41d4057_1
  - ipython_genutils=0.2.0=py_1
  - ipywidgets=8.0.1=pyhd8ed1ab_0
  - itsdangerous=2.1.2=pyhd8ed1ab_0
  - jax=0.3.16=pyhd8ed1ab_0
  - jaxlib=0.3.15=cpu_py38h0fb9167_3
  - jedi=0.18.1=pyhd8ed1ab_2
  - jinja2=3.1.2=pyhd8ed1ab_1
  - joblib=1.1.0=pyhd8ed1ab_0
  - jpeg=9e=h166bdaf_2
  - jsonschema=4.14.0=pyhd8ed1ab_0
  - jupyter_client=7.3.5=pyhd8ed1ab_0
  - jupyter_core=4.11.1=py38h578d9bd_0
  - jupyterlab_widgets=3.0.2=pyhd8ed1ab_0
  - keyutils=1.6.1=h166bdaf_0
  - kiwisolver=1.4.4=py38h43d8883_0
  - krb5=1.19.3=h08a2579_0
  - lcms2=2.12=hddcbb42_0
  - ld_impl_linux-64=2.36.1=hea4e1c9_2
  - leidenalg=0.8.9=py38hfa26641_0
  - lerc=4.0.0=h27087fc_0
  - libabseil=20220623.0=cxx17_h48a1fff_1
  - libblas=3.9.0=16_linux64_openblas
  - libbrotlicommon=1.0.9=h166bdaf_7
  - libbrotlidec=1.0.9=h166bdaf_7
  - libbrotlienc=1.0.9=h166bdaf_7
  - libcblas=3.9.0=16_linux64_openblas
  - libclang=13.0.1=default_hc23dcda_0
  - libcurl=7.83.1=h2283fc2_0
  - libdeflate=1.13=h166bdaf_0
  - libedit=3.1.20191231=he28a2e2_2
  - libev=4.33=h516909a_1
  - libevent=2.1.10=h28343ad_4
  - libffi=3.4.2=h7f98852_5
  - libgcc-ng=12.1.0=h8d9b700_16
  - libgd=2.3.3=h283352f_2
  - libgfortran-ng=12.1.0=h69a702a_16
  - libgfortran5=12.1.0=hdcd56e2_16
  - libglib=2.72.1=h2d90d5f_0
  - libiconv=1.16=h516909a_0
  - liblapack=3.9.0=16_linux64_openblas
  - libllvm10=10.0.1=he513fc3_3
  - libllvm13=13.0.1=hf817b99_2
  - libnghttp2=1.47.0=hff17c54_1
  - libnsl=2.0.0=h7f98852_0
  - libogg=1.3.4=h7f98852_1
  - libopenblas=0.3.21=pthreads_h78a6416_2
  - libopus=1.3.1=h7f98852_1
  - libpng=1.6.37=h753d276_4
  - libpq=14.5=he2d8382_0
  - libprotobuf=3.20.1=h6239696_1
  - librsvg=2.52.5=h0a9e6e8_3
  - libsodium=1.0.18=h36c2ea0_1
  - libsqlite=3.39.2=h753d276_1
  - libssh2=1.10.0=hf14f497_3
  - libstdcxx-ng=12.1.0=ha89aaad_16
  - libtiff=4.4.0=h0e0dad5_3
  - libtool=2.4.6=h9c3ff4c_1008
  - libuuid=2.32.1=h7f98852_1000
  - libvorbis=1.3.7=h9c3ff4c_0
  - libwebp=1.2.4=h522a892_0
  - libwebp-base=1.2.4=h166bdaf_0
  - libxcb=1.13=h7f98852_1004
  - libxkbcommon=1.0.3=he3ba5ed_0
  - libxml2=2.9.12=h885dcf4_1
  - libxslt=1.1.33=h0ef7038_3
  - libzlib=1.2.12=h166bdaf_2
  - llvm-openmp=14.0.4=he0ac6c6_0
  - llvmlite=0.34.0=py38h4f45e52_2
  - loompy=3.0.6=py_0
  - lxml=4.8.0=py38h0a891b7_2
  - markdown=3.4.1=pyhd8ed1ab_0
  - markupsafe=2.1.1=py38h0a891b7_1
  - matplotlib=3.5.3=py38h578d9bd_2
  - matplotlib-base=3.5.3=py38h38b5ce0_2
  - matplotlib-inline=0.1.6=pyhd8ed1ab_0
  - metis=5.1.0=h58526e2_1006
  - mkl=2022.1.0=h84fe81f_915
  - mpfr=4.1.0=h9202a9a_1
  - msgpack-python=1.0.4=py38h43d8883_0
  - mudata=0.2.0=pyhd8ed1ab_0
  - multidict=6.0.2=py38h0a891b7_1
  - multipledispatch=0.6.0=py_0
  - munkres=1.1.4=pyh9f0ad1d_0
  - mygene=3.2.2=pyh5e36f6f_0
  - mysql-common=8.0.30=h26416b9_0
  - mysql-libs=8.0.30=hbc51c84_0
  - natsort=8.1.0=pyhd8ed1ab_0
  - nbformat=5.4.0=pyhd8ed1ab_0
  - ncurses=6.3=h27087fc_1
  - nest-asyncio=1.5.5=pyhd8ed1ab_0
  - networkx=2.8.6=pyhd8ed1ab_0
  - ninja=1.11.0=h924138e_0
  - nspr=4.32=h9c3ff4c_1
  - nss=3.78=h2350873_0
  - numba=0.51.2=py38hc5bc63f_0
  - numpy=1.23.2=py38h3a7f9d9_0
  - numpy_groupies=0.9.19=pyhd8ed1ab_0
  - numpyro=0.10.0=pyhd8ed1ab_0
  - oauthlib=3.2.0=pyhd8ed1ab_0
  - openjpeg=2.5.0=h7d73246_1
  - openpyxl=3.0.9=pyhd8ed1ab_0
  - openssl=3.0.5=h166bdaf_1
  - opt_einsum=3.3.0=pyhd8ed1ab_1
  - optax=0.1.3=pyhd8ed1ab_0
  - packaging=21.3=pyhd8ed1ab_0
  - pandas=1.4.3=py38h47df419_0
  - pango=1.50.7=hbd2fdc8_0
  - parso=0.8.3=pyhd8ed1ab_0
  - patsy=0.5.2=pyhd8ed1ab_0
  - pcre=8.45=h9c3ff4c_0
  - pexpect=4.8.0=pyh9f0ad1d_2
  - pickleshare=0.7.5=py_1003
  - pillow=9.2.0=py38ha3b2c9c_2
  - pip=22.2.2=pyhd8ed1ab_0
  - pixman=0.40.0=h36c2ea0_0
  - pkgutil-resolve-name=1.3.10=pyhd8ed1ab_0
  - plotly=5.10.0=pyhd8ed1ab_0
  - pluggy=1.0.0=py38h578d9bd_3
  - prompt-toolkit=3.0.30=pyha770c72_0
  - protobuf=3.20.1=py38hfa26641_0
  - psutil=5.9.1=py38h0a891b7_0
  - pthread-stubs=0.4=h36c2ea0_1001
  - ptyprocess=0.7.0=pyhd3deb0d_0
  - pure_eval=0.2.2=pyhd8ed1ab_0
  - py=1.11.0=pyh6c4a22f_0
  - pyasn1=0.4.8=py_0
  - pyasn1-modules=0.2.7=py_0
  - pycparser=2.21=pyhd8ed1ab_0
  - pydeprecate=0.3.2=pyhd8ed1ab_0
  - pydot=1.4.2=py38h578d9bd_2
  - pygments=2.13.0=pyhd8ed1ab_0
  - pyjwt=2.4.0=pyhd8ed1ab_0
  - pyld=2.0.3=pyh9f0ad1d_0
  - pynndescent=0.5.7=pyh6c4a22f_0
  - pyopenssl=22.0.0=pyhd8ed1ab_0
  - pyparsing=3.0.9=pyhd8ed1ab_0
  - pyqt=5.12.3=py38h578d9bd_8
  - pyqt-impl=5.12.3=py38h0ffb2e6_8
  - pyqt5-sip=4.19.18=py38h709712a_8
  - pyqtchart=5.12=py38h7400c14_8
  - pyqtwebengine=5.12.1=py38h7400c14_8
  - pyro-api=0.1.2=pyhd8ed1ab_0
  - pyro-ppl=1.8.1=pyhd8ed1ab_0
  - pyrsistent=0.18.1=py38h0a891b7_1
  - pysocks=1.7.1=py38h578d9bd_5
  - pytest=7.1.2=py38h578d9bd_0
  - python=3.8.13=ha86cf86_0_cpython
  - python-annoy=1.17.0=py38hfa26641_4
  - python-dateutil=2.8.2=pyhd8ed1ab_0
  - python-fastjsonschema=2.16.1=pyhd8ed1ab_0
  - python-igraph=0.9.9=py38h2af5540_0
  - python_abi=3.8=2_cp38
  - pytorch=1.12.1=cpu_py38h39c826d_0
  - pytorch-lightning=1.6.5=pyhd8ed1ab_0
  - pytz=2022.2.1=pyhd8ed1ab_0
  - pyu2f=0.1.5=pyhd8ed1ab_0
  - pyyaml=6.0=py38h0a891b7_4
  - pyzmq=23.2.1=py38hfc09fa9_0
  - qt=5.12.9=h1304e3e_6
  - re2=2022.06.01=h27087fc_0
  - readline=8.1.2=h0f457ee_0
  - requests=2.28.1=pyhd8ed1ab_0
  - requests-cache=0.9.6=pyhd8ed1ab_0
  - requests-oauthlib=1.3.1=pyhd8ed1ab_0
  - rich=12.5.1=pyhd8ed1ab_0
  - rsa=4.9=pyhd8ed1ab_0
  - scanorama=1.7.1=py_0
  - scanpy=1.9.1=pyhd8ed1ab_0
  - scikit-learn=1.1.2=py38h0b08f9b_0
  - scipy=1.9.0=py38hea3f02b_0
  - scvelo=0.2.4=pyhdfd78af_0
  - scvi-tools=0.17.3=pyhd8ed1ab_0
  - seaborn=0.11.2=hd8ed1ab_0
  - seaborn-base=0.11.2=pyhd8ed1ab_0
  - session-info=1.0.0=pyhd8ed1ab_0
  - setuptools=59.5.0=py38h578d9bd_0
  - sinfo=0.3.1=py_0
  - six=1.16.0=pyh6c4a22f_0
  - sleef=3.5.1=h9b69904_2
  - snowballstemmer=2.2.0=pyhd8ed1ab_0
  - sortedcontainers=2.4.0=pyhd8ed1ab_0
  - sphinx=5.1.1=pyhd8ed1ab_1
  - sphinxcontrib-applehelp=1.0.2=py_0
  - sphinxcontrib-devhelp=1.0.2=py_0
  - sphinxcontrib-htmlhelp=2.0.0=pyhd8ed1ab_0
  - sphinxcontrib-jsmath=1.0.1=py_0
  - sphinxcontrib-qthelp=1.0.3=py_0
  - sphinxcontrib-serializinghtml=1.1.5=pyhd8ed1ab_2
  - sqlite=3.39.2=h4ff8645_1
  - stack_data=0.4.0=pyhd8ed1ab_0
  - statsmodels=0.13.2=py38h71d37f0_0
  - stdlib-list=0.7.0=py_2
  - suitesparse=5.10.1=h9e50725_1
  - tbb=2021.5.0=h924138e_1
  - tenacity=8.0.1=pyhd8ed1ab_0
  - tensorboard=2.4.1=pyhd8ed1ab_1
  - tensorboard-plugin-wit=1.8.1=pyhd8ed1ab_0
  - texttable=1.6.4=pyhd8ed1ab_0
  - threadpoolctl=3.1.0=pyh8a188c0_0
  - tk=8.6.12=h27826a3_0
  - tomli=2.0.1=pyhd8ed1ab_0
  - toolz=0.12.0=pyhd8ed1ab_0
  - torchmetrics=0.9.3=pyhd8ed1ab_0
  - tornado=6.2=py38h0a891b7_0
  - tqdm=4.64.0=pyhd8ed1ab_0
  - traitlets=5.3.0=pyhd8ed1ab_0
  - typing-extensions=4.3.0=hd8ed1ab_0
  - typing_extensions=4.3.0=pyha770c72_0
  - umap-learn=0.5.3=py38h578d9bd_0
  - unicodedata2=14.0.0=py38h0a891b7_1
  - url-normalize=1.4.3=pyhd8ed1ab_0
  - urllib3=1.26.11=pyhd8ed1ab_0
  - wcwidth=0.2.5=pyh9f0ad1d_2
  - werkzeug=2.2.2=pyhd8ed1ab_0
  - wheel=0.37.1=pyhd8ed1ab_0
  - widgetsnbextension=4.0.2=pyhd8ed1ab_0
  - xlrd=1.2.0=pyh9f0ad1d_1
  - xorg-kbproto=1.0.7=h7f98852_1002
  - xorg-libice=1.0.10=h7f98852_0
  - xorg-libsm=1.2.3=hd9c2040_1000
  - xorg-libx11=1.7.2=h7f98852_0
  - xorg-libxau=1.0.9=h7f98852_0
  - xorg-libxdmcp=1.1.3=h7f98852_0
  - xorg-libxext=1.3.4=h7f98852_1
  - xorg-libxrender=0.9.10=h7f98852_1003
  - xorg-renderproto=0.11.1=h7f98852_1002
  - xorg-xextproto=7.3.0=h7f98852_1002
  - xorg-xproto=7.0.31=h7f98852_1007
  - xz=5.2.6=h166bdaf_0
  - yaml=0.2.5=h7f98852_2
  - yarl=1.7.2=py38h0a891b7_2
  - zeromq=4.3.4=h9c3ff4c_1
  - zipp=3.8.1=pyhd8ed1ab_0
  - zlib=1.2.12=h166bdaf_2
  - zstd=1.5.2=h6239696_4
  - pip:
    - argon2-cffi==21.3.0
    - argon2-cffi-bindings==21.2.0
    - beautifulsoup4==4.11.1
    - besca==2.4.6+84.g6b7c0e5
    - bleach==5.0.1
    - cython==0.29.32
    - defusedxml==0.7.1
    - greenlet==1.1.3
    - intervaltree==3.1.0
    - jupyterlab-pygments==0.2.2
    - mistune==0.8.4
    - pandocfilters==1.5.0
    - prometheus-client==0.14.1
    - sniffio==1.2.0
    - soupsieve==2.3.2.post1
    - sqlalchemy==1.4.40
    - terminado==0.15.0
    - webencodings==0.5.1
prefix: /mnt/projects/miniconda3/envs/besca_dev
