name: besca_create_docu
channels:
- https://conda.anaconda.org/bioconda
- https://conda.anaconda.org/conda-forge
- https://conda.anaconda.org/pytorch
- https://repo.anaconda.com/pkgs/main
dependencies:
- libxml2=2.9.14=h8c5e841_0
- tbb=2021.5.0=h525c30c_0
- pysocks=1.7.1=py38hca03da5_0
- nbconvert=6.4.5=py38h10201cd_0
- brotli-bin=1.0.9=h1a28f6b_7
- asttokens=2.0.5=pyhd3eb1b0_0
- anndata=0.8.0=pyhd8ed1ab_1
- pcre=8.45=hc377ac9_0
- python=3.8.13=hd3575e6_0_cpython
- importlib_metadata=4.11.3=hd3eb1b0_0
- readline=8.1.2=h1a28f6b_1
- mistune=0.8.4=py38hea4295b_1005
- cachetools=4.2.2=pyhd3eb1b0_0
- pure_eval=0.2.2=pyhd3eb1b0_0
- lz4-c=1.9.3=hc377ac9_0
- py=1.11.0=pyhd3eb1b0_0
- sortedcontainers=2.4.0=pyhd3eb1b0_0
- prompt-toolkit=3.0.20=pyhd3eb1b0_0
- gmp=6.2.1=hc377ac9_3
- idna=3.3=pyhd3eb1b0_0
- aniso8601=9.0.1=pyhd3eb1b0_0
- gts=0.7.6=hde733a8_3
- packaging=21.3=pyhd3eb1b0_0
- ptyprocess=0.7.0=pyhd3eb1b0_2
- conda-lock=0.13.2=pyhd8ed1ab_0
- versioneer=0.23=pyhd8ed1ab_0
- c-ares=1.18.1=h1a28f6b_0
- scanorama=1.7.1=py_0
- natsort=7.1.1=pyhd3eb1b0_0
- sinfo=0.3.1=py_0
- ensureconda=1.4.3=pyhd8ed1ab_0
- libtiff=4.4.0=had003b8_0
- charset-normalizer=2.0.4=pyhd3eb1b0_0
- sphinx-automodapi=0.14.1=pyhd8ed1ab_1
- pygments=2.11.2=pyhd3eb1b0_0
- libtool=2.4.6=hc377ac9_1008
- jpeg=9e=h1a28f6b_0
- jupyter_core=4.11.1=py38h10201cd_0
- libopenblas=0.3.21=openmp_hc731615_2
- ca-certificates=2022.07.19=hca03da5_0
- sphinxcontrib-applehelp=1.0.2=pyhd3eb1b0_0
- stack_data=0.2.0=pyhd3eb1b0_0
- lerc=3.0=hc377ac9_0
- pytest=7.1.2=py38h10201cd_0
- sphinx_rtd_theme=0.5.2=pyhd8ed1ab_0
- libcxx=14.0.6=h04bba0f_0
- graphviz=2.50.0=he1da451_0
- texttable=1.6.4=pyhd3eb1b0_0
- zstd=1.5.2=h8574219_0
- webencodings=0.5.1=py_1
- frozendict=2.3.0=pyh5764c6d_4
- zipp=3.8.0=py38hca03da5_0
- metis=5.1.0=hc377ac9_0
- scvelo=0.2.4=pyhdfd78af_0
- pyrsistent=0.18.1=py38h33210d7_1
- yaml=0.2.5=h1a28f6b_0
- pytz=2022.1=py38hca03da5_0
- python-igraph=0.9.11=py38h4d6c065_0
- hdf5=1.12.2=nompi_h33dac16_100
- graphite2=1.3.14=hc377ac9_1
- llvmlite=0.37.0=py38h8b39d70_0
- url-normalize=1.4.3=pyhd8ed1ab_0
- itsdangerous=2.0.1=pyhd3eb1b0_0
- cairo=1.16.0=h29d4eff_2
- libbrotlidec=1.0.9=h1a28f6b_7
- testpath=0.6.0=pyhd8ed1ab_0
- llvm-openmp=14.0.4=hd125106_0
- appnope=0.1.2=py38hca03da5_1001
- libcblas=3.9.0=16_osxarm64_openblas
- plotly=5.10.0=pyhd8ed1ab_0
- ipykernel=6.15.2=pyh736e0ef_0
- libpng=1.6.37=hb8d0fd4_0
- pycparser=2.21=pyhd3eb1b0_0
- pyyaml=6.0=py38h33210d7_4
- igraph=0.9.9=h167d6bf_0
- libdeflate=1.8=h1a28f6b_5
- librsvg=2.54.4=h6a74ff0_0
- pyopenssl=22.0.0=pyhd3eb1b0_0
- tornado=6.1=py38h1a28f6b_0
- click-default-group=1.2.2=pyhd8ed1ab_1
- entrypoints=0.4=pyhd8ed1ab_0
- mpfr=4.1.0=h6d7a090_1
- jupyterlab_pygments=0.2.2=pyhd8ed1ab_0
- pluggy=1.0.0=py38hca03da5_1
- click=8.0.4=py38hca03da5_0
- python-annoy=1.17.0=py38hea55cf5_4
- pandas=1.4.3=py38h6724fcd_0
- six=1.16.0=pyhd3eb1b0_1
- soupsieve=2.3.2.post1=pyhd8ed1ab_0
- libxslt=1.1.35=h9833966_0
- decorator=5.1.1=pyhd3eb1b0_0
- filelock=3.6.0=pyhd3eb1b0_0
- intervaltree=2.1.0=py_1
- snowballstemmer=2.2.0=pyhd3eb1b0_0
- giflib=5.2.1=h1a28f6b_0
- h5py=3.7.0=nompi_py38h1e1abbc_101
- sphinxcontrib-htmlhelp=2.0.0=pyhd3eb1b0_0
- seaborn-base=0.11.2=pyhd8ed1ab_0
- munkres=1.1.4=py_0
- libzlib=1.2.12=ha287fd2_2
- fonts-anaconda=1=h8fa9717_0
- nest-asyncio=1.5.5=pyhd8ed1ab_0
- pandocfilters=1.5.0=pyhd8ed1ab_0
- cattrs=22.1.0=pyhd8ed1ab_1
- urllib3=1.26.11=py38hca03da5_0
- harfbuzz=4.3.0=hb1b0ec1_0
- parso=0.8.3=pyhd3eb1b0_0
- pixman=0.40.0=h1a28f6b_0
- jinja2=3.0.3=pyhd3eb1b0_0
- python_abi=3.8=2_cp38
- xz=5.2.5=h1a28f6b_1
- babel=2.9.1=pyhd3eb1b0_0
- libedit=3.1.20210910=h1a28f6b_0
- threadpoolctl=2.2.0=pyh0d69192_0
- sqlite=3.39.2=h1058600_0
- libgd=2.3.3=h14f8a72_1
- fontconfig=2.13.1=h1f4a5ec_0
- pydantic=1.9.0=py38h1a28f6b_1
- dominate=2.7.0=pyhd8ed1ab_0
- jsonschema=4.14.0=pyhd8ed1ab_0
- sphinxcontrib-qthelp=1.0.3=pyhd3eb1b0_0
- gettext=0.21.0=h826f4ad_0
- markupsafe=2.1.1=py38h1a28f6b_0
- executing=0.8.3=pyhd3eb1b0_0
- pexpect=4.8.0=pyhd3eb1b0_3
- libssh2=1.10.0=h7a5bd25_3
- pynndescent=0.5.4=pyhd3eb1b0_0
- colorama=0.4.5=py38hca03da5_0
- importlib_resources=5.9.0=pyhd8ed1ab_0
- libblas=3.9.0=16_osxarm64_openblas
- matplotlib=3.5.3=py38h150bfb4_2
- fonttools=4.25.0=pyhd3eb1b0_0
- requests=2.28.1=pyhd8ed1ab_0
- pytorch=1.12.1=py3.8_0
- glib=2.69.1=h98b2900_1
- scvi=0.1.4=py_0
- lcms2=2.12=hba8e193_0
- flask-restful=0.3.9=pyhd8ed1ab_0
- nbsphinx=0.8.9=pyhd8ed1ab_0
- libwebp=1.2.2=h68602c7_0
- matplotlib-base=3.5.3=py38h4399b95_2
- suitesparse=5.10.1=h7cd81ec_1
- cached-property=1.5.2=py_0
- deprecation=2.1.0=pyh9f0ad1d_0
- font-ttf-inconsolata=2.001=hcb22688_0
- sphinx=5.1.1=pyhd8ed1ab_1
- python-dateutil=2.8.2=pyhd3eb1b0_0
- psutil=5.9.1=py38he5c2ac2_0
- attrs=21.4.0=pyhd3eb1b0_0
- imagesize=1.4.1=py38hca03da5_0
- scikit-learn=1.1.1=py38hc377ac9_0
- pkgutil-resolve-name=1.3.10=pyhd8ed1ab_0
- nbclient=0.5.13=pyhd8ed1ab_0
- appdirs=1.4.4=pyhd3eb1b0_0
- statsmodels=0.13.2=py38hd91e067_0
- jupyter_client=7.3.4=pyhd8ed1ab_0
- docutils=0.18.1=py38hca03da5_3
- iniconfig=1.1.1=pyhd3eb1b0_0
- typing-extensions=4.3.0=py38hca03da5_0
- krb5=1.19.3=he492e65_0
- wheel=0.37.1=pyhd3eb1b0_0
- tomli=2.0.1=py38hca03da5_0
- cffi=1.15.1=py38h22df2f2_0
- zlib=1.2.12=h5a0b063_2
- font-ttf-source-code-pro=2.030=hd3eb1b0_0
- certifi=2022.6.15=py38hca03da5_0
- session-info=1.0.0=pyhd8ed1ab_0
- brotli=1.0.9=h1a28f6b_7
- icu=68.1=hc377ac9_0
- libiconv=1.16=h1a28f6b_2
- libnghttp2=1.47.0=h519802c_1
- pip=22.2.2=pyhd8ed1ab_0
- pydot=1.4.2=py38h10201cd_2
- wcwidth=0.2.5=pyhd3eb1b0_0
- traitlets=5.1.1=pyhd3eb1b0_0
- exceptiongroup=1.0.0rc8=pyhd8ed1ab_0
- libgfortran=5.0.0=11_1_0_h6a59814_25
- tenacity=8.0.1=py38hca03da5_1
- scanpy=1.9.1=pyhd8ed1ab_0
- scipy=1.9.0=py38h4f188a7_0
- numpy_groupies=0.9.19=pyhd8ed1ab_0
- cycler=0.11.0=pyhd3eb1b0_0
- stdlib-list=0.7.0=py_2
- freetype=2.12.1=hd633e50_0
- beautifulsoup4=4.11.1=pyha770c72_0
- prometheus_client=0.14.1=pyhd8ed1ab_0
- fonts-conda-ecosystem=1=hd3eb1b0_0
- expat=2.4.4=hc377ac9_0
- nbformat=5.4.0=pyhd8ed1ab_0
- pyld=2.0.3=pyh9f0ad1d_0
- biothings_client=0.2.6=pyhd8ed1ab_0
- sphinx-copybutton=0.5.0=pyhd8ed1ab_0
- tqdm=4.64.0=py38hca03da5_0
- bleach=5.0.1=pyhd8ed1ab_0
- umap-learn=0.5.3=py38h10201cd_0
- dataclasses=0.8=pyh6d0b6a4_7
- flask=2.1.3=py38hca03da5_0
- fribidi=1.0.10=h1a28f6b_0
- sphinxcontrib-serializinghtml=1.1.5=pyhd3eb1b0_0
- backcall=0.2.0=pyhd3eb1b0_0
- matplotlib-inline=0.1.2=pyhd3eb1b0_2
- zeromq=4.3.4=hbdafb3b_1
- brotlipy=0.7.0=py38h1a28f6b_1002
- font-ttf-ubuntu=0.83=h8b1ccd4_0
- numpy=1.20.0=py38h9e6c65a_0
- libllvm11=11.1.0=h12f7ac0_4
- alabaster=0.7.12=pyhd3eb1b0_0
- kiwisolver=1.4.2=py38hc377ac9_0
- ipython=8.4.0=pyhd1c38e8_1
- defusedxml=0.7.1=pyhd8ed1ab_0
- sphinx-gallery=0.11.1=pyhd8ed1ab_0
- toml=0.10.2=pyhd3eb1b0_0
- sphinxcontrib-jsmath=1.0.1=pyhd3eb1b0_0
- jedi=0.18.1=py38hca03da5_1
- leidenalg=0.8.10=py38hea55cf5_0
- openssl=3.0.5=h7aea29f_1
- bzip2=1.0.8=h620ffc9_4
- font-ttf-dejavu-sans-mono=2.37=hd3eb1b0_0
- networkx=2.8.4=py38hca03da5_0
- glpk=4.65=h695f6f0_3
- requests-cache=0.9.6=pyhd8ed1ab_0
- patsy=0.5.2=py38hca03da5_1
- arpack=3.7.0=h58ebc17_2
- pillow=9.2.0=py38h4d1bdd5_1
- pango=1.50.7=h7271ec9_0
- cryptography=37.0.1=py38h834c97f_0
- joblib=1.1.0=pyhd3eb1b0_0
- tk=8.6.12=hb8d0fd4_0
- ncurses=6.3=h1a28f6b_3
- geosketch=1.2=py_0
- mygene=3.2.2=pyh5e36f6f_0
- lxml=4.9.1=py38h2fae87d_0
- libcurl=7.83.1=h7965298_0
- setuptools=63.4.1=py38hca03da5_0
- liblapack=3.9.0=16_osxarm64_openblas
- numba=0.54.0=py38hc377ac9_0
- python-fastjsonschema=2.16.1=pyhd8ed1ab_0
- libsodium=1.0.18=h27ca646_1
- pyzmq=23.2.1=py38h6a7385f_0
- pyparsing=3.0.9=py38hca03da5_0
- libbrotlicommon=1.0.9=h1a28f6b_7
- pickleshare=0.7.5=pyhd3eb1b0_1003
- werkzeug=2.0.3=pyhd3eb1b0_0
- libffi=3.4.2=hc377ac9_4
- sphinxcontrib-devhelp=1.0.2=pyhd3eb1b0_0
- libwebp-base=1.2.2=h1a28f6b_0
- seaborn=0.11.2=hd8ed1ab_0
- debugpy=1.6.3=py38hdba0465_0
- fbpca=1.0=py_0
- loompy=3.0.6=py_0
- importlib-metadata=4.11.3=py38hca03da5_0
- libgfortran5=11.3.0=hdaf2cc0_25
- typing_extensions=4.3.0=py38hca03da5_0
- libev=4.33=h1a28f6b_1
- gdk-pixbuf=2.42.8=hb4bb6b2_0
- libbrotlienc=1.0.9=h1a28f6b_7

